
Microsoft Visual Studio Solution File, Format Version 11.00
# Visual Studio 2010
Project("{FAE04EC0-301F-11D3-BF4B-00C04F79EFBC}") = "Assembly-CSharp", "Assembly-CSharp.csproj", "{1D2C88D5-E5FB-01FA-A07F-3D011CE1E2B0}"
EndProject
Project("{FAE04EC0-301F-11D3-BF4B-00C04F79EFBC}") = "Assembly-CSharp-Editor", "Assembly-CSharp-Editor.csproj", "{56647653-A897-D4E5-6025-CB7475D1E491}"
EndProject
Global
	GlobalSection(SolutionConfigurationPlatforms) = preSolution
		Debug|Any CPU = Debug|Any CPU
		Release|Any CPU = Release|Any CPU
	EndGlobalSection
	GlobalSection(ProjectConfigurationPlatforms) = postSolution
		{1D2C88D5-E5FB-01FA-A07F-3D011CE1E2B0}.Debug|Any CPU.ActiveCfg = Debug|Any CPU
		{1D2C88D5-E5FB-01FA-A07F-3D011CE1E2B0}.Debug|Any CPU.Build.0 = Debug|Any CPU
		{1D2C88D5-E5FB-01FA-A07F-3D011CE1E2B0}.Release|Any CPU.ActiveCfg = Release|Any CPU
		{1D2C88D5-E5FB-01FA-A07F-3D011CE1E2B0}.Release|Any CPU.Build.0 = Release|Any CPU
		{56647653-A897-D4E5-6025-CB7475D1E491}.Debug|Any CPU.ActiveCfg = Debug|Any CPU
		{56647653-A897-D4E5-6025-CB7475D1E491}.Debug|Any CPU.Build.0 = Debug|Any CPU
		{56647653-A897-D4E5-6025-CB7475D1E491}.Release|Any CPU.ActiveCfg = Release|Any CPU
		{56647653-A897-D4E5-6025-CB7475D1E491}.Release|Any CPU.Build.0 = Release|Any CPU
	EndGlobalSection
	GlobalSection(SolutionProperties) = preSolution
		HideSolutionNode = FALSE
	EndGlobalSection
	GlobalSection(MonoDevelopProperties) = preSolution
		StartupItem = Assembly-CSharp.csproj
	EndGlobalSection
EndGlobal
